
Microsoft Visual Studio Solution File, Format Version 12.00
# Visual Studio Version 16
VisualStudioVersion = 16.0.31005.135
MinimumVisualStudioVersion = 10.0.40219.1
Project("{FAE04EC0-301F-11D3-BF4B-00C04F79EFBC}") = "AlisavetAdmin", "AlisavetAdmin\AlisavetAdmin.csproj", "{0C3FE714-A397-4CB7-8B47-B1B90FDFC431}"
EndProject
Global
	GlobalSection(SolutionConfigurationPlatforms) = preSolution
		Debug|Any CPU = Debug|Any CPU
		Release|Any CPU = Release|Any CPU
	EndGlobalSection
	GlobalSection(ProjectConfigurationPlatforms) = postSolution
		{0C3FE714-A397-4CB7-8B47-B1B90FDFC431}.Debug|Any CPU.ActiveCfg = Debug|Any CPU
		{0C3FE714-A397-4CB7-8B47-B1B90FDFC431}.Debug|Any CPU.Build.0 = Debug|Any CPU
		{0C3FE714-A397-4CB7-8B47-B1B90FDFC431}.Release|Any CPU.ActiveCfg = Release|Any CPU
		{0C3FE714-A397-4CB7-8B47-B1B90FDFC431}.Release|Any CPU.Build.0 = Release|Any CPU
	EndGlobalSection
	GlobalSection(SolutionProperties) = preSolution
		HideSolutionNode = FALSE
	EndGlobalSection
	GlobalSection(ExtensibilityGlobals) = postSolution
		SolutionGuid = {09B731EA-AA80-4DE1-8348-78552E50EC69}
	EndGlobalSection
EndGlobal
